{
  "pins" : [
    {
      "identity" : "bambuser-onetoone-sdk-ios",
      "kind" : "remoteSourceControl",
      "location" : "https://github.com/bambuser/bambuser-onetoone-sdk-ios",
      "state" : {
        "revision" : "603446a9bc3548ee2fac3e457365d82c02fa87e5",
        "version" : "0.2.0"
      }
    }
  ],
  "version" : 2
}
