// !$*UTF8*$!
{
	archiveVersion = 1;
	classes = {
	};
	objectVersion = 55;
	objects = {

/* Begin PBXBuildFile section */
		480FAC36280056DF0004562A /* HomeViewController.swift in Sources */ = {isa = PBXBuildFile; fileRef = 480FAC35280056DF0004562A /* HomeViewController.swift */; };
		485F8D38285B3AAB004D1465 /* BambuserLiveShoppingOnetoOne in Frameworks */ = {isa = PBXBuildFile; productRef = 485F8D37285B3AAB004D1465 /* BambuserLiveShoppingOnetoOne */; };
		4869FCBD2824DB610092E8E4 /* Product.swift in Sources */ = {isa = PBXBuildFile; fileRef = 4869FCBC2824DB610092E8E4 /* Product.swift */; };
		4869FCC02824DCEE0092E8E4 /* Inventory.swift in Sources */ = {isa = PBXBuildFile; fileRef = 4869FCBF2824DCEE0092E8E4 /* Inventory.swift */; };
		4869FCC22824FB030092E8E4 /* ProductTableViewCell.swift in Sources */ = {isa = PBXBuildFile; fileRef = 4869FCC12824FB030092E8E4 /* ProductTableViewCell.swift */; };
		4869FCC82825433B0092E8E4 /* ImageManager.swift in Sources */ = {isa = PBXBuildFile; fileRef = 4869FCC72825433B0092E8E4 /* ImageManager.swift */; };
		489B595928254F170007A97F /* MeetingViewController.swift in Sources */ = {isa = PBXBuildFile; fileRef = 489B595828254F160007A97F /* MeetingViewController.swift */; };
		48A0DCAA27F32B6F0086C255 /* AppDelegate.swift in Sources */ = {isa = PBXBuildFile; fileRef = 48A0DCA927F32B6F0086C255 /* AppDelegate.swift */; };
		48A0DCAC27F32B6F0086C255 /* SceneDelegate.swift in Sources */ = {isa = PBXBuildFile; fileRef = 48A0DCAB27F32B6F0086C255 /* SceneDelegate.swift */; };
		48A0DCAE27F32B6F0086C255 /* AgentViewController.swift in Sources */ = {isa = PBXBuildFile; fileRef = 48A0DCAD27F32B6F0086C255 /* AgentViewController.swift */; };
		48A0DCB327F32B710086C255 /* Assets.xcassets in Resources */ = {isa = PBXBuildFile; fileRef = 48A0DCB227F32B710086C255 /* Assets.xcassets */; };
		48A0DCB627F32B710086C255 /* LaunchScreen.storyboard in Resources */ = {isa = PBXBuildFile; fileRef = 48A0DCB427F32B710086C255 /* LaunchScreen.storyboard */; };
		48BB2F7328293F4800FBED66 /* ProductViewController.swift in Sources */ = {isa = PBXBuildFile; fileRef = 48BB2F7228293F4800FBED66 /* ProductViewController.swift */; };
		48BEDF792822379000ECA12F /* InventoryViewController.swift in Sources */ = {isa = PBXBuildFile; fileRef = 48BEDF782822379000ECA12F /* InventoryViewController.swift */; };
/* End PBXBuildFile section */

/* Begin PBXFileReference section */
		480FAC35280056DF0004562A /* HomeViewController.swift */ = {isa = PBXFileReference; lastKnownFileType = sourcecode.swift; path = HomeViewController.swift; sourceTree = "<group>"; };
		4869FCBC2824DB610092E8E4 /* Product.swift */ = {isa = PBXFileReference; lastKnownFileType = sourcecode.swift; path = Product.swift; sourceTree = "<group>"; };
		4869FCBF2824DCEE0092E8E4 /* Inventory.swift */ = {isa = PBXFileReference; lastKnownFileType = sourcecode.swift; path = Inventory.swift; sourceTree = "<group>"; };
		4869FCC12824FB030092E8E4 /* ProductTableViewCell.swift */ = {isa = PBXFileReference; lastKnownFileType = sourcecode.swift; path = ProductTableViewCell.swift; sourceTree = "<group>"; };
		4869FCC72825433B0092E8E4 /* ImageManager.swift */ = {isa = PBXFileReference; fileEncoding = 4; lastKnownFileType = sourcecode.swift; path = ImageManager.swift; sourceTree = "<group>"; };
		489B595828254F160007A97F /* MeetingViewController.swift */ = {isa = PBXFileReference; lastKnownFileType = sourcecode.swift; path = MeetingViewController.swift; sourceTree = "<group>"; };
		48A0DCA627F32B6F0086C255 /* one-to-one-sdk-demo.app */ = {isa = PBXFileReference; explicitFileType = wrapper.application; includeInIndex = 0; path = "one-to-one-sdk-demo.app"; sourceTree = BUILT_PRODUCTS_DIR; };
		48A0DCA927F32B6F0086C255 /* AppDelegate.swift */ = {isa = PBXFileReference; lastKnownFileType = sourcecode.swift; path = AppDelegate.swift; sourceTree = "<group>"; };
		48A0DCAB27F32B6F0086C255 /* SceneDelegate.swift */ = {isa = PBXFileReference; lastKnownFileType = sourcecode.swift; path = SceneDelegate.swift; sourceTree = "<group>"; };
		48A0DCAD27F32B6F0086C255 /* AgentViewController.swift */ = {isa = PBXFileReference; lastKnownFileType = sourcecode.swift; path = AgentViewController.swift; sourceTree = "<group>"; };
		48A0DCB227F32B710086C255 /* Assets.xcassets */ = {isa = PBXFileReference; lastKnownFileType = folder.assetcatalog; path = Assets.xcassets; sourceTree = "<group>"; };
		48A0DCB527F32B710086C255 /* Base */ = {isa = PBXFileReference; lastKnownFileType = file.storyboard; name = Base; path = Base.lproj/LaunchScreen.storyboard; sourceTree = "<group>"; };
		48A0DCB727F32B710086C255 /* Info.plist */ = {isa = PBXFileReference; lastKnownFileType = text.plist.xml; path = Info.plist; sourceTree = "<group>"; };
		48BB2F7228293F4800FBED66 /* ProductViewController.swift */ = {isa = PBXFileReference; lastKnownFileType = sourcecode.swift; path = ProductViewController.swift; sourceTree = "<group>"; };
		48BEDF782822379000ECA12F /* InventoryViewController.swift */ = {isa = PBXFileReference; lastKnownFileType = sourcecode.swift; path = InventoryViewController.swift; sourceTree = "<group>"; };
/* End PBXFileReference section */

/* Begin PBXFrameworksBuildPhase section */
		48A0DCA327F32B6F0086C255 /* Frameworks */ = {
			isa = PBXFrameworksBuildPhase;
			buildActionMask = 2147483647;
			files = (
				485F8D38285B3AAB004D1465 /* BambuserLiveShoppingOnetoOne in Frameworks */,
			);
			runOnlyForDeploymentPostprocessing = 0;
		};
/* End PBXFrameworksBuildPhase section */

/* Begin PBXGroup section */
		48A0DC9D27F32B6F0086C255 = {
			isa = PBXGroup;
			children = (
				48A0DCA827F32B6F0086C255 /* one-to-one-sdk-demo */,
				48A0DCA727F32B6F0086C255 /* Products */,
				48A0DCC027F32F900086C255 /* Frameworks */,
			);
			sourceTree = "<group>";
		};
		48A0DCA727F32B6F0086C255 /* Products */ = {
			isa = PBXGroup;
			children = (
				48A0DCA627F32B6F0086C255 /* one-to-one-sdk-demo.app */,
			);
			name = Products;
			sourceTree = "<group>";
		};
		48A0DCA827F32B6F0086C255 /* one-to-one-sdk-demo */ = {
			isa = PBXGroup;
			children = (
				48ECEC172858492B004B5363 /* Product */,
				48A0DCA927F32B6F0086C255 /* AppDelegate.swift */,
				48A0DCAB27F32B6F0086C255 /* SceneDelegate.swift */,
				48A0DCAD27F32B6F0086C255 /* AgentViewController.swift */,
				480FAC35280056DF0004562A /* HomeViewController.swift */,
				4869FCC72825433B0092E8E4 /* ImageManager.swift */,
				48BEDF782822379000ECA12F /* InventoryViewController.swift */,
				489B595828254F160007A97F /* MeetingViewController.swift */,
				4869FCC12824FB030092E8E4 /* ProductTableViewCell.swift */,
				48BB2F7228293F4800FBED66 /* ProductViewController.swift */,
				48A0DCB227F32B710086C255 /* Assets.xcassets */,
				48A0DCB427F32B710086C255 /* LaunchScreen.storyboard */,
				48A0DCB727F32B710086C255 /* Info.plist */,
			);
			path = "one-to-one-sdk-demo";
			sourceTree = "<group>";
		};
		48A0DCC027F32F900086C255 /* Frameworks */ = {
			isa = PBXGroup;
			children = (
			);
			name = Frameworks;
			sourceTree = "<group>";
		};
		48ECEC172858492B004B5363 /* Product */ = {
			isa = PBXGroup;
			children = (
				4869FCBF2824DCEE0092E8E4 /* Inventory.swift */,
				4869FCBC2824DB610092E8E4 /* Product.swift */,
			);
			path = Product;
			sourceTree = "<group>";
		};
/* End PBXGroup section */

/* Begin PBXNativeTarget section */
		48A0DCA527F32B6F0086C255 /* one-to-one-sdk-demo */ = {
			isa = PBXNativeTarget;
			buildConfigurationList = 48A0DCBA27F32B710086C255 /* Build configuration list for PBXNativeTarget "one-to-one-sdk-demo" */;
			buildPhases = (
				48A0DCA227F32B6F0086C255 /* Sources */,
				48A0DCA327F32B6F0086C255 /* Frameworks */,
				48A0DCA427F32B6F0086C255 /* Resources */,
			);
			buildRules = (
			);
			dependencies = (
			);
			name = "one-to-one-sdk-demo";
			packageProductDependencies = (
				485F8D37285B3AAB004D1465 /* BambuserLiveShoppingOnetoOne */,
			);
			productName = "one-to-one-sdk-demo";
			productReference = 48A0DCA627F32B6F0086C255 /* one-to-one-sdk-demo.app */;
			productType = "com.apple.product-type.application";
		};
/* End PBXNativeTarget section */

/* Begin PBXProject section */
		48A0DC9E27F32B6F0086C255 /* Project object */ = {
			isa = PBXProject;
			attributes = {
				BuildIndependentTargetsInParallel = 1;
				LastSwiftUpdateCheck = 1330;
				LastUpgradeCheck = 1330;
				TargetAttributes = {
					48A0DCA527F32B6F0086C255 = {
						CreatedOnToolsVersion = 13.3;
					};
				};
			};
			buildConfigurationList = 48A0DCA127F32B6F0086C255 /* Build configuration list for PBXProject "one-to-one-sdk-demo" */;
			compatibilityVersion = "Xcode 13.0";
			developmentRegion = en;
			hasScannedForEncodings = 0;
			knownRegions = (
				en,
				Base,
			);
			mainGroup = 48A0DC9D27F32B6F0086C255;
			packageReferences = (
				485F8D36285B3AAB004D1465 /* XCRemoteSwiftPackageReference "bambuser-onetoone-sdk-ios" */,
			);
			productRefGroup = 48A0DCA727F32B6F0086C255 /* Products */;
			projectDirPath = "";
			projectRoot = "";
			targets = (
				48A0DCA527F32B6F0086C255 /* one-to-one-sdk-demo */,
			);
		};
/* End PBXProject section */

/* Begin PBXResourcesBuildPhase section */
		48A0DCA427F32B6F0086C255 /* Resources */ = {
			isa = PBXResourcesBuildPhase;
			buildActionMask = 2147483647;
			files = (
				48A0DCB627F32B710086C255 /* LaunchScreen.storyboard in Resources */,
				48A0DCB327F32B710086C255 /* Assets.xcassets in Resources */,
			);
			runOnlyForDeploymentPostprocessing = 0;
		};
/* End PBXResourcesBuildPhase section */

/* Begin PBXSourcesBuildPhase section */
		48A0DCA227F32B6F0086C255 /* Sources */ = {
			isa = PBXSourcesBuildPhase;
			buildActionMask = 2147483647;
			files = (
				48A0DCAE27F32B6F0086C255 /* AgentViewController.swift in Sources */,
				4869FCC22824FB030092E8E4 /* ProductTableViewCell.swift in Sources */,
				48A0DCAA27F32B6F0086C255 /* AppDelegate.swift in Sources */,
				48BB2F7328293F4800FBED66 /* ProductViewController.swift in Sources */,
				4869FCC82825433B0092E8E4 /* ImageManager.swift in Sources */,
				4869FCC02824DCEE0092E8E4 /* Inventory.swift in Sources */,
				48A0DCAC27F32B6F0086C255 /* SceneDelegate.swift in Sources */,
				48BEDF792822379000ECA12F /* InventoryViewController.swift in Sources */,
				480FAC36280056DF0004562A /* HomeViewController.swift in Sources */,
				489B595928254F170007A97F /* MeetingViewController.swift in Sources */,
				4869FCBD2824DB610092E8E4 /* Product.swift in Sources */,
			);
			runOnlyForDeploymentPostprocessing = 0;
		};
/* End PBXSourcesBuildPhase section */

/* Begin PBXVariantGroup section */
		48A0DCB427F32B710086C255 /* LaunchScreen.storyboard */ = {
			isa = PBXVariantGroup;
			children = (
				48A0DCB527F32B710086C255 /* Base */,
			);
			name = LaunchScreen.storyboard;
			sourceTree = "<group>";
		};
/* End PBXVariantGroup section */

/* Begin XCBuildConfiguration section */
		48A0DCB827F32B710086C255 /* Debug */ = {
			isa = XCBuildConfiguration;
			buildSettings = {
				ALWAYS_SEARCH_USER_PATHS = NO;
				CLANG_ANALYZER_NONNULL = YES;
				CLANG_ANALYZER_NUMBER_OBJECT_CONVERSION = YES_AGGRESSIVE;
				CLANG_CXX_LANGUAGE_STANDARD = "gnu++17";
				CLANG_ENABLE_MODULES = YES;
				CLANG_ENABLE_OBJC_ARC = YES;
				CLANG_ENABLE_OBJC_WEAK = YES;
				CLANG_WARN_BLOCK_CAPTURE_AUTORELEASING = YES;
				CLANG_WARN_BOOL_CONVERSION = YES;
				CLANG_WARN_COMMA = YES;
				CLANG_WARN_CONSTANT_CONVERSION = YES;
				CLANG_WARN_DEPRECATED_OBJC_IMPLEMENTATIONS = YES;
				CLANG_WARN_DIRECT_OBJC_ISA_USAGE = YES_ERROR;
				CLANG_WARN_DOCUMENTATION_COMMENTS = YES;
				CLANG_WARN_EMPTY_BODY = YES;
				CLANG_WARN_ENUM_CONVERSION = YES;
				CLANG_WARN_INFINITE_RECURSION = YES;
				CLANG_WARN_INT_CONVERSION = YES;
				CLANG_WARN_NON_LITERAL_NULL_CONVERSION = YES;
				CLANG_WARN_OBJC_IMPLICIT_RETAIN_SELF = YES;
				CLANG_WARN_OBJC_LITERAL_CONVERSION = YES;
				CLANG_WARN_OBJC_ROOT_CLASS = YES_ERROR;
				CLANG_WARN_QUOTED_INCLUDE_IN_FRAMEWORK_HEADER = YES;
				CLANG_WARN_RANGE_LOOP_ANALYSIS = YES;
				CLANG_WARN_STRICT_PROTOTYPES = YES;
				CLANG_WARN_SUSPICIOUS_MOVE = YES;
				CLANG_WARN_UNGUARDED_AVAILABILITY = YES_AGGRESSIVE;
				CLANG_WARN_UNREACHABLE_CODE = YES;
				CLANG_WARN__DUPLICATE_METHOD_MATCH = YES;
				COPY_PHASE_STRIP = NO;
				DEBUG_INFORMATION_FORMAT = dwarf;
				ENABLE_STRICT_OBJC_MSGSEND = YES;
				ENABLE_TESTABILITY = YES;
				GCC_C_LANGUAGE_STANDARD = gnu11;
				GCC_DYNAMIC_NO_PIC = NO;
				GCC_NO_COMMON_BLOCKS = YES;
				GCC_OPTIMIZATION_LEVEL = 0;
				GCC_PREPROCESSOR_DEFINITIONS = (
					"DEBUG=1",
					"$(inherited)",
				);
				GCC_WARN_64_TO_32_BIT_CONVERSION = YES;
				GCC_WARN_ABOUT_RETURN_TYPE = YES_ERROR;
				GCC_WARN_UNDECLARED_SELECTOR = YES;
				GCC_WARN_UNINITIALIZED_AUTOS = YES_AGGRESSIVE;
				GCC_WARN_UNUSED_FUNCTION = YES;
				GCC_WARN_UNUSED_VARIABLE = YES;
				IPHONEOS_DEPLOYMENT_TARGET = 15.4;
				MTL_ENABLE_DEBUG_INFO = INCLUDE_SOURCE;
				MTL_FAST_MATH = YES;
				ONLY_ACTIVE_ARCH = YES;
				SDKROOT = iphoneos;
				SWIFT_ACTIVE_COMPILATION_CONDITIONS = DEBUG;
				SWIFT_OPTIMIZATION_LEVEL = "-Onone";
			};
			name = Debug;
		};
		48A0DCB927F32B710086C255 /* Release */ = {
			isa = XCBuildConfiguration;
			buildSettings = {
				ALWAYS_SEARCH_USER_PATHS = NO;
				CLANG_ANALYZER_NONNULL = YES;
				CLANG_ANALYZER_NUMBER_OBJECT_CONVERSION = YES_AGGRESSIVE;
				CLANG_CXX_LANGUAGE_STANDARD = "gnu++17";
				CLANG_ENABLE_MODULES = YES;
				CLANG_ENABLE_OBJC_ARC = YES;
				CLANG_ENABLE_OBJC_WEAK = YES;
				CLANG_WARN_BLOCK_CAPTURE_AUTORELEASING = YES;
				CLANG_WARN_BOOL_CONVERSION = YES;
				CLANG_WARN_COMMA = YES;
				CLANG_WARN_CONSTANT_CONVERSION = YES;
				CLANG_WARN_DEPRECATED_OBJC_IMPLEMENTATIONS = YES;
				CLANG_WARN_DIRECT_OBJC_ISA_USAGE = YES_ERROR;
				CLANG_WARN_DOCUMENTATION_COMMENTS = YES;
				CLANG_WARN_EMPTY_BODY = YES;
				CLANG_WARN_ENUM_CONVERSION = YES;
				CLANG_WARN_INFINITE_RECURSION = YES;
				CLANG_WARN_INT_CONVERSION = YES;
				CLANG_WARN_NON_LITERAL_NULL_CONVERSION = YES;
				CLANG_WARN_OBJC_IMPLICIT_RETAIN_SELF = YES;
				CLANG_WARN_OBJC_LITERAL_CONVERSION = YES;
				CLANG_WARN_OBJC_ROOT_CLASS = YES_ERROR;
				CLANG_WARN_QUOTED_INCLUDE_IN_FRAMEWORK_HEADER = YES;
				CLANG_WARN_RANGE_LOOP_ANALYSIS = YES;
				CLANG_WARN_STRICT_PROTOTYPES = YES;
				CLANG_WARN_SUSPICIOUS_MOVE = YES;
				CLANG_WARN_UNGUARDED_AVAILABILITY = YES_AGGRESSIVE;
				CLANG_WARN_UNREACHABLE_CODE = YES;
				CLANG_WARN__DUPLICATE_METHOD_MATCH = YES;
				COPY_PHASE_STRIP = NO;
				DEBUG_INFORMATION_FORMAT = "dwarf-with-dsym";
				ENABLE_NS_ASSERTIONS = NO;
				ENABLE_STRICT_OBJC_MSGSEND = YES;
				GCC_C_LANGUAGE_STANDARD = gnu11;
				GCC_NO_COMMON_BLOCKS = YES;
				GCC_WARN_64_TO_32_BIT_CONVERSION = YES;
				GCC_WARN_ABOUT_RETURN_TYPE = YES_ERROR;
				GCC_WARN_UNDECLARED_SELECTOR = YES;
				GCC_WARN_UNINITIALIZED_AUTOS = YES_AGGRESSIVE;
				GCC_WARN_UNUSED_FUNCTION = YES;
				GCC_WARN_UNUSED_VARIABLE = YES;
				IPHONEOS_DEPLOYMENT_TARGET = 15.4;
				MTL_ENABLE_DEBUG_INFO = NO;
				MTL_FAST_MATH = YES;
				SDKROOT = iphoneos;
				SWIFT_COMPILATION_MODE = wholemodule;
				SWIFT_OPTIMIZATION_LEVEL = "-O";
				VALIDATE_PRODUCT = YES;
			};
			name = Release;
		};
		48A0DCBB27F32B710086C255 /* Debug */ = {
			isa = XCBuildConfiguration;
			buildSettings = {
				ASSETCATALOG_COMPILER_APPICON_NAME = AppIcon;
				ASSETCATALOG_COMPILER_GLOBAL_ACCENT_COLOR_NAME = AccentColor;
				CODE_SIGN_STYLE = Automatic;
				CURRENT_PROJECT_VERSION = 1;
				DEVELOPMENT_TEAM = U39FKA38DT;
				GENERATE_INFOPLIST_FILE = YES;
				INFOPLIST_FILE = "one-to-one-sdk-demo/Info.plist";
				INFOPLIST_KEY_CFBundleDisplayName = "SDK Demo";
				INFOPLIST_KEY_NSCameraUsageDescription = "WebRtc video call";
				INFOPLIST_KEY_NSMicrophoneUsageDescription = "WebRtc video call";
				INFOPLIST_KEY_UIApplicationSupportsIndirectInputEvents = YES;
				INFOPLIST_KEY_UILaunchStoryboardName = LaunchScreen;
				INFOPLIST_KEY_UISupportedInterfaceOrientations = UIInterfaceOrientationPortrait;
				INFOPLIST_KEY_UISupportedInterfaceOrientations_iPad = "UIInterfaceOrientationPortrait UIInterfaceOrientationPortraitUpsideDown UIInterfaceOrientationLandscapeLeft UIInterfaceOrientationLandscapeRight";
				INFOPLIST_KEY_UISupportedInterfaceOrientations_iPhone = "UIInterfaceOrientationPortrait UIInterfaceOrientationLandscapeLeft UIInterfaceOrientationLandscapeRight";
				IPHONEOS_DEPLOYMENT_TARGET = 15.0;
				LD_RUNPATH_SEARCH_PATHS = (
					"$(inherited)",
					"@executable_path/Frameworks",
				);
				MARKETING_VERSION = 1.0;
				PRODUCT_BUNDLE_IDENTIFIER = "com.bambuser.one-to-one-sdk-demo";
				PRODUCT_NAME = "$(TARGET_NAME)";
				SWIFT_EMIT_LOC_STRINGS = YES;
				SWIFT_VERSION = 5.0;
				TARGETED_DEVICE_FAMILY = 1;
			};
			name = Debug;
		};
		48A0DCBC27F32B710086C255 /* Release */ = {
			isa = XCBuildConfiguration;
			buildSettings = {
				ASSETCATALOG_COMPILER_APPICON_NAME = AppIcon;
				ASSETCATALOG_COMPILER_GLOBAL_ACCENT_COLOR_NAME = AccentColor;
				CODE_SIGN_STYLE = Automatic;
				CURRENT_PROJECT_VERSION = 1;
				DEVELOPMENT_TEAM = U39FKA38DT;
				GENERATE_INFOPLIST_FILE = YES;
				INFOPLIST_FILE = "one-to-one-sdk-demo/Info.plist";
				INFOPLIST_KEY_CFBundleDisplayName = "SDK Demo";
				INFOPLIST_KEY_NSCameraUsageDescription = "WebRtc video call";
				INFOPLIST_KEY_NSMicrophoneUsageDescription = "WebRtc video call";
				INFOPLIST_KEY_UIApplicationSupportsIndirectInputEvents = YES;
				INFOPLIST_KEY_UILaunchStoryboardName = LaunchScreen;
				INFOPLIST_KEY_UISupportedInterfaceOrientations = UIInterfaceOrientationPortrait;
				INFOPLIST_KEY_UISupportedInterfaceOrientations_iPad = "UIInterfaceOrientationPortrait UIInterfaceOrientationPortraitUpsideDown UIInterfaceOrientationLandscapeLeft UIInterfaceOrientationLandscapeRight";
				INFOPLIST_KEY_UISupportedInterfaceOrientations_iPhone = "UIInterfaceOrientationPortrait UIInterfaceOrientationLandscapeLeft UIInterfaceOrientationLandscapeRight";
				IPHONEOS_DEPLOYMENT_TARGET = 15.0;
				LD_RUNPATH_SEARCH_PATHS = (
					"$(inherited)",
					"@executable_path/Frameworks",
				);
				MARKETING_VERSION = 1.0;
				PRODUCT_BUNDLE_IDENTIFIER = "com.bambuser.one-to-one-sdk-demo";
				PRODUCT_NAME = "$(TARGET_NAME)";
				SWIFT_EMIT_LOC_STRINGS = YES;
				SWIFT_VERSION = 5.0;
				TARGETED_DEVICE_FAMILY = 1;
			};
			name = Release;
		};
/* End XCBuildConfiguration section */

/* Begin XCConfigurationList section */
		48A0DCA127F32B6F0086C255 /* Build configuration list for PBXProject "one-to-one-sdk-demo" */ = {
			isa = XCConfigurationList;
			buildConfigurations = (
				48A0DCB827F32B710086C255 /* Debug */,
				48A0DCB927F32B710086C255 /* Release */,
			);
			defaultConfigurationIsVisible = 0;
			defaultConfigurationName = Release;
		};
		48A0DCBA27F32B710086C255 /* Build configuration list for PBXNativeTarget "one-to-one-sdk-demo" */ = {
			isa = XCConfigurationList;
			buildConfigurations = (
				48A0DCBB27F32B710086C255 /* Debug */,
				48A0DCBC27F32B710086C255 /* Release */,
			);
			defaultConfigurationIsVisible = 0;
			defaultConfigurationName = Release;
		};
/* End XCConfigurationList section */

/* Begin XCRemoteSwiftPackageReference section */
		485F8D36285B3AAB004D1465 /* XCRemoteSwiftPackageReference "bambuser-onetoone-sdk-ios" */ = {
			isa = XCRemoteSwiftPackageReference;
			repositoryURL = "https://github.com/bambuser/bambuser-onetoone-sdk-ios";
			requirement = {
				kind = exactVersion;
				version = 0.1.0;
			};
		};
/* End XCRemoteSwiftPackageReference section */

/* Begin XCSwiftPackageProductDependency section */
		485F8D37285B3AAB004D1465 /* BambuserLiveShoppingOnetoOne */ = {
			isa = XCSwiftPackageProductDependency;
			package = 485F8D36285B3AAB004D1465 /* XCRemoteSwiftPackageReference "bambuser-onetoone-sdk-ios" */;
			productName = BambuserLiveShoppingOnetoOne;
		};
/* End XCSwiftPackageProductDependency section */
	};
	rootObject = 48A0DC9E27F32B6F0086C255 /* Project object */;
}
